
Microsoft Visual Studio Solution File, Format Version 12.00
Project("{FAE04EC0-301F-11D3-BF4B-00C04F79EFBC}") = "AgendadorDetran.Core", "AgendadorDetran.Core\AgendadorDetran.Core.csproj", "{F50DA9EB-4231-4419-84D8-CF514304AA8C}"
EndProject
Project("{FAE04EC0-301F-11D3-BF4B-00C04F79EFBC}") = "AgendadorDetran.Console", "AgendadorDetran.Console\AgendadorDetran.Console.csproj", "{C03BBCB1-9FE7-4EC0-89AD-2CC3A6A4DB79}"
EndProject
Global
	GlobalSection(SolutionConfigurationPlatforms) = preSolution
		Debug|Any CPU = Debug|Any CPU
		Release|Any CPU = Release|Any CPU
	EndGlobalSection
	GlobalSection(ProjectConfigurationPlatforms) = postSolution
		{F50DA9EB-4231-4419-84D8-CF514304AA8C}.Debug|Any CPU.ActiveCfg = Debug|Any CPU
		{F50DA9EB-4231-4419-84D8-CF514304AA8C}.Debug|Any CPU.Build.0 = Debug|Any CPU
		{F50DA9EB-4231-4419-84D8-CF514304AA8C}.Release|Any CPU.ActiveCfg = Release|Any CPU
		{F50DA9EB-4231-4419-84D8-CF514304AA8C}.Release|Any CPU.Build.0 = Release|Any CPU
		{C03BBCB1-9FE7-4EC0-89AD-2CC3A6A4DB79}.Debug|Any CPU.ActiveCfg = Debug|Any CPU
		{C03BBCB1-9FE7-4EC0-89AD-2CC3A6A4DB79}.Debug|Any CPU.Build.0 = Debug|Any CPU
		{C03BBCB1-9FE7-4EC0-89AD-2CC3A6A4DB79}.Release|Any CPU.ActiveCfg = Release|Any CPU
		{C03BBCB1-9FE7-4EC0-89AD-2CC3A6A4DB79}.Release|Any CPU.Build.0 = Release|Any CPU
	EndGlobalSection
EndGlobal
